// !$*UTF8*$!
{
	archiveVersion = 1;
	classes = {
	};
	objectVersion = 48;
	objects = {

/* Begin PBXBuildFile section */
		E527EAC41E730DA300930FAF /* main.swift in Sources */ = {isa = PBXBuildFile; fileRef = E527EAC31E730DA300930FAF /* main.swift */; };
		E58EE0171E786F65004AB747 /* 30DaysOfCode.swift in Sources */ = {isa = PBXBuildFile; fileRef = E58EE0161E786F65004AB747 /* 30DaysOfCode.swift */; };
		E5E2C4681E91C41500A09D43 /* closestNumber.swift in Sources */ = {isa = PBXBuildFile; fileRef = E5E2C4671E91C41500A09D43 /* closestNumber.swift */; };
		E5E2C4761E91C5D900A09D43 /* substringQueries.swift in Sources */ = {isa = PBXBuildFile; fileRef = E5E2C4751E91C5D900A09D43 /* substringQueries.swift */; };
		E5E2C4861E91D33100A09D43 /* staircase.swift in Sources */ = {isa = PBXBuildFile; fileRef = E5E2C4851E91D33100A09D43 /* staircase.swift */; };
/* End PBXBuildFile section */

/* Begin PBXCopyFilesBuildPhase section */
		E527EABE1E730DA200930FAF /* CopyFiles */ = {
			isa = PBXCopyFilesBuildPhase;
			buildActionMask = 2147483647;
			dstPath = /usr/share/man/man1/;
			dstSubfolderSpec = 0;
			files = (
			);
			runOnlyForDeploymentPostprocessing = 1;
		};
/* End PBXCopyFilesBuildPhase section */

/* Begin PBXFileReference section */
		E527EAC01E730DA200930FAF /* hackerRank */ = {isa = PBXFileReference; explicitFileType = "compiled.mach-o.executable"; includeInIndex = 0; path = hackerRank; sourceTree = BUILT_PRODUCTS_DIR; };
		E527EAC31E730DA300930FAF /* main.swift */ = {isa = PBXFileReference; lastKnownFileType = sourcecode.swift; path = main.swift; sourceTree = "<group>"; };
		E58EE0161E786F65004AB747 /* 30DaysOfCode.swift */ = {isa = PBXFileReference; fileEncoding = 4; lastKnownFileType = sourcecode.swift; path = 30DaysOfCode.swift; sourceTree = "<group>"; };
		E58EE01A1E798BAF004AB747 /* WeekOfCode30.swift */ = {isa = PBXFileReference; fileEncoding = 4; lastKnownFileType = sourcecode.swift; name = WeekOfCode30.swift; path = hackerRank/WeekOfCode30.swift; sourceTree = "<group>"; };
		E5E2C4641E91C34600A09D43 /* poles.swift */ = {isa = PBXFileReference; fileEncoding = 4; lastKnownFileType = sourcecode.swift; name = poles.swift; path = hackerRank/poles.swift; sourceTree = "<group>"; };
		E5E2C4661E91C3EC00A09D43 /* person.swift */ = {isa = PBXFileReference; lastKnownFileType = sourcecode.swift; name = person.swift; path = hackerRank/person.swift; sourceTree = "<group>"; };
		E5E2C4671E91C41500A09D43 /* closestNumber.swift */ = {isa = PBXFileReference; fileEncoding = 4; lastKnownFileType = sourcecode.swift; name = closestNumber.swift; path = hackerRank/closestNumber.swift; sourceTree = "<group>"; };
		E5E2C46A1E91C46D00A09D43 /* graph.swift */ = {isa = PBXFileReference; fileEncoding = 4; lastKnownFileType = sourcecode.swift; path = graph.swift; sourceTree = "<group>"; };
		E5E2C46D1E91C51C00A09D43 /* gameOfNumbers.swift */ = {isa = PBXFileReference; lastKnownFileType = sourcecode.swift; name = gameOfNumbers.swift; path = hackerRank/gameOfNumbers.swift; sourceTree = "<group>"; };
		E5E2C46E1E91C54A00A09D43 /* loader.swift */ = {isa = PBXFileReference; lastKnownFileType = sourcecode.swift; name = loader.swift; path = hackerRank/loader.swift; sourceTree = "<group>"; };
		E5E2C4751E91C5D900A09D43 /* substringQueries.swift */ = {isa = PBXFileReference; fileEncoding = 4; lastKnownFileType = sourcecode.swift; name = substringQueries.swift; path = hackerRank/substringQueries.swift; sourceTree = "<group>"; };
		E5E2C4771E91C69300A09D43 /* lonely.swift */ = {isa = PBXFileReference; lastKnownFileType = sourcecode.swift; name = lonely.swift; path = hackerRank/lonely.swift; sourceTree = "<group>"; };
		E5E2C4781E91C6BE00A09D43 /* minAbs.swift */ = {isa = PBXFileReference; lastKnownFileType = sourcecode.swift; name = minAbs.swift; path = hackerRank/minAbs.swift; sourceTree = "<group>"; };
		E5E2C4791E91C6ED00A09D43 /* candles.swift */ = {isa = PBXFileReference; lastKnownFileType = sourcecode.swift; name = candles.swift; path = hackerRank/candles.swift; sourceTree = "<group>"; };
		E5E2C47A1E91C71700A09D43 /* prisoners.swift */ = {isa = PBXFileReference; lastKnownFileType = sourcecode.swift; name = prisoners.swift; path = hackerRank/prisoners.swift; sourceTree = "<group>"; };
		E5E2C47B1E91CC5700A09D43 /* counter-game.swift */ = {isa = PBXFileReference; lastKnownFileType = sourcecode.swift; name = "counter-game.swift"; path = "hackerRank/counter-game.swift"; sourceTree = "<group>"; };
		E5E2C47C1E91CCB000A09D43 /* kFactorisation.swift */ = {isa = PBXFileReference; lastKnownFileType = sourcecode.swift; name = kFactorisation.swift; path = hackerRank/kFactorisation.swift; sourceTree = "<group>"; };
		E5E2C47D1E91CCE700A09D43 /* flatLandSpaceStations.swift */ = {isa = PBXFileReference; lastKnownFileType = sourcecode.swift; name = flatLandSpaceStations.swift; path = hackerRank/flatLandSpaceStations.swift; sourceTree = "<group>"; };
		E5E2C47E1E91CD7400A09D43 /* coinIterator.swift */ = {isa = PBXFileReference; lastKnownFileType = sourcecode.swift; name = coinIterator.swift; path = hackerRank/coinIterator.swift; sourceTree = "<group>"; };
		E5E2C47F1E91CDA200A09D43 /* minMax.swift */ = {isa = PBXFileReference; lastKnownFileType = sourcecode.swift; name = minMax.swift; path = hackerRank/minMax.swift; sourceTree = "<group>"; };
		E5E2C4801E91CE2100A09D43 /* contains.swift */ = {isa = PBXFileReference; lastKnownFileType = sourcecode.swift; name = contains.swift; path = hackerRank/contains.swift; sourceTree = "<group>"; };
		E5E2C4811E91CE6F00A09D43 /* score.swift */ = {isa = PBXFileReference; lastKnownFileType = sourcecode.swift; name = score.swift; path = hackerRank/score.swift; sourceTree = "<group>"; };
		E5E2C4821E91CEA300A09D43 /* timeConversion.swift */ = {isa = PBXFileReference; lastKnownFileType = sourcecode.swift; name = timeConversion.swift; path = hackerRank/timeConversion.swift; sourceTree = "<group>"; };
		E5E2C4841E91CF1700A09D43 /* countInts.swift */ = {isa = PBXFileReference; lastKnownFileType = sourcecode.swift; name = countInts.swift; path = hackerRank/countInts.swift; sourceTree = "<group>"; };
		E5E2C4851E91D33100A09D43 /* staircase.swift */ = {isa = PBXFileReference; fileEncoding = 4; lastKnownFileType = sourcecode.swift; name = staircase.swift; path = hackerRank/staircase.swift; sourceTree = "<group>"; };
		E5E2C4871E91EC8D00A09D43 /* coinChange.swift */ = {isa = PBXFileReference; lastKnownFileType = sourcecode.swift; name = coinChange.swift; path = hackerRank/coinChange.swift; sourceTree = "<group>"; };
		E5E2C4881E91ECC200A09D43 /* absoluteDifferences.swift */ = {isa = PBXFileReference; lastKnownFileType = sourcecode.swift; name = absoluteDifferences.swift; path = hackerRank/absoluteDifferences.swift; sourceTree = "<group>"; };
		E5E2C4891E91ED0900A09D43 /* equals.swift */ = {isa = PBXFileReference; lastKnownFileType = sourcecode.swift; name = equals.swift; path = hackerRank/equals.swift; sourceTree = "<group>"; };
		E5E2C48B1E91ED8300A09D43 /* euler1.swift */ = {isa = PBXFileReference; lastKnownFileType = sourcecode.swift; name = euler1.swift; path = euler/euler1.swift; sourceTree = "<group>"; };
		E5E2C4901E91EF1A00A09D43 /* euler13.swift */ = {isa = PBXFileReference; lastKnownFileType = sourcecode.swift; name = euler13.swift; path = euler/euler13.swift; sourceTree = "<group>"; };
		E5E2C4911E91EF3900A09D43 /* euler6.swift */ = {isa = PBXFileReference; lastKnownFileType = sourcecode.swift; name = euler6.swift; path = euler/euler6.swift; sourceTree = "<group>"; };
/* End PBXFileReference section */

/* Begin PBXFrameworksBuildPhase section */
		E527EABD1E730DA200930FAF /* Frameworks */ = {
			isa = PBXFrameworksBuildPhase;
			buildActionMask = 2147483647;
			files = (
			);
			runOnlyForDeploymentPostprocessing = 0;
		};
/* End PBXFrameworksBuildPhase section */

/* Begin PBXGroup section */
		E527EAB71E730DA200930FAF = {
			isa = PBXGroup;
			children = (
				E5E2C48A1E91ED2C00A09D43 /* Euler */,
				E5E2C46E1E91C54A00A09D43 /* loader.swift */,
				E5E2C4691E91C42900A09D43 /* previous */,
				E527EAC21E730DA200930FAF /* hackerRank WIP */,
				E527EAC11E730DA200930FAF /* Products */,
			);
			sourceTree = "<group>";
		};
		E527EAC11E730DA200930FAF /* Products */ = {
			isa = PBXGroup;
			children = (
				E527EAC01E730DA200930FAF /* hackerRank */,
			);
			name = Products;
			sourceTree = "<group>";
		};
		E527EAC21E730DA200930FAF /* hackerRank WIP */ = {
			isa = PBXGroup;
			children = (
				E527EAC31E730DA300930FAF /* main.swift */,
				E58EE0161E786F65004AB747 /* 30DaysOfCode.swift */,
				E5E2C46A1E91C46D00A09D43 /* graph.swift */,
			);
			name = "hackerRank WIP";
			path = hackerRank;
			sourceTree = "<group>";
		};
		E5E2C4691E91C42900A09D43 /* previous */ = {
			isa = PBXGroup;
			children = (
				E5E2C4851E91D33100A09D43 /* staircase.swift */,
				E5E2C4751E91C5D900A09D43 /* substringQueries.swift */,
				E5E2C4671E91C41500A09D43 /* closestNumber.swift */,
				E5E2C4891E91ED0900A09D43 /* equals.swift */,
				E5E2C4881E91ECC200A09D43 /* absoluteDifferences.swift */,
				E5E2C4841E91CF1700A09D43 /* countInts.swift */,
				E5E2C4821E91CEA300A09D43 /* timeConversion.swift */,
				E5E2C4811E91CE6F00A09D43 /* score.swift */,
				E5E2C4801E91CE2100A09D43 /* contains.swift */,
				E5E2C4641E91C34600A09D43 /* poles.swift */,
				E5E2C4661E91C3EC00A09D43 /* person.swift */,
				E58EE01A1E798BAF004AB747 /* WeekOfCode30.swift */,
				E5E2C46D1E91C51C00A09D43 /* gameOfNumbers.swift */,
				E5E2C4771E91C69300A09D43 /* lonely.swift */,
				E5E2C4781E91C6BE00A09D43 /* minAbs.swift */,
				E5E2C4791E91C6ED00A09D43 /* candles.swift */,
				E5E2C47A1E91C71700A09D43 /* prisoners.swift */,
				E5E2C47B1E91CC5700A09D43 /* counter-game.swift */,
				E5E2C47C1E91CCB000A09D43 /* kFactorisation.swift */,
				E5E2C47D1E91CCE700A09D43 /* flatLandSpaceStations.swift */,
				E5E2C47E1E91CD7400A09D43 /* coinIterator.swift */,
				E5E2C47F1E91CDA200A09D43 /* minMax.swift */,
				E5E2C4871E91EC8D00A09D43 /* coinChange.swift */,
			);
			name = previous;
			sourceTree = "<group>";
		};
		E5E2C48A1E91ED2C00A09D43 /* Euler */ = {
			isa = PBXGroup;
			children = (
				E5E2C48B1E91ED8300A09D43 /* euler1.swift */,
				E5E2C4901E91EF1A00A09D43 /* euler13.swift */,
				E5E2C4911E91EF3900A09D43 /* euler6.swift */,
			);
			name = Euler;
			sourceTree = "<group>";
		};
/* End PBXGroup section */

/* Begin PBXNativeTarget section */
		E527EABF1E730DA200930FAF /* hackerRank */ = {
			isa = PBXNativeTarget;
			buildConfigurationList = E527EAC71E730DA300930FAF /* Build configuration list for PBXNativeTarget "hackerRank" */;
			buildPhases = (
				E527EABC1E730DA200930FAF /* Sources */,
				E527EABD1E730DA200930FAF /* Frameworks */,
				E527EABE1E730DA200930FAF /* CopyFiles */,
			);
			buildRules = (
			);
			dependencies = (
			);
			name = hackerRank;
			productName = hackerRank;
			productReference = E527EAC01E730DA200930FAF /* hackerRank */;
			productType = "com.apple.product-type.tool";
		};
/* End PBXNativeTarget section */

/* Begin PBXProject section */
		E527EAB81E730DA200930FAF /* Project object */ = {
			isa = PBXProject;
			attributes = {
				LastSwiftUpdateCheck = 0820;
				LastUpgradeCheck = 0830;
				ORGANIZATIONNAME = "TAM Software";
				TargetAttributes = {
					E527EABF1E730DA200930FAF = {
						CreatedOnToolsVersion = 8.2.1;
						DevelopmentTeam = 7VT34YH6H5;
						ProvisioningStyle = Automatic;
					};
				};
			};
			buildConfigurationList = E527EABB1E730DA200930FAF /* Build configuration list for PBXProject "hackerRank" */;
			compatibilityVersion = "Xcode 8.0";
			developmentRegion = English;
			hasScannedForEncodings = 0;
			knownRegions = (
				en,
			);
			mainGroup = E527EAB71E730DA200930FAF;
			productRefGroup = E527EAC11E730DA200930FAF /* Products */;
			projectDirPath = "";
			projectRoot = "";
			targets = (
				E527EABF1E730DA200930FAF /* hackerRank */,
			);
		};
/* End PBXProject section */

/* Begin PBXSourcesBuildPhase section */
		E527EABC1E730DA200930FAF /* Sources */ = {
			isa = PBXSourcesBuildPhase;
			buildActionMask = 2147483647;
			files = (
				E5E2C4761E91C5D900A09D43 /* substringQueries.swift in Sources */,
				E527EAC41E730DA300930FAF /* main.swift in Sources */,
				E58EE0171E786F65004AB747 /* 30DaysOfCode.swift in Sources */,
				E5E2C4861E91D33100A09D43 /* staircase.swift in Sources */,
				E5E2C4681E91C41500A09D43 /* closestNumber.swift in Sources */,
			);
			runOnlyForDeploymentPostprocessing = 0;
		};
/* End PBXSourcesBuildPhase section */

/* Begin XCBuildConfiguration section */
		E527EAC51E730DA300930FAF /* Debug */ = {
			isa = XCBuildConfiguration;
			buildSettings = {
				ALWAYS_SEARCH_USER_PATHS = NO;
				CLANG_ANALYZER_NONNULL = YES;
				CLANG_CXX_LANGUAGE_STANDARD = "gnu++0x";
				CLANG_CXX_LIBRARY = "libc++";
				CLANG_ENABLE_MODULES = YES;
				CLANG_ENABLE_OBJC_ARC = YES;
				CLANG_WARN_BOOL_CONVERSION = YES;
				CLANG_WARN_CONSTANT_CONVERSION = YES;
				CLANG_WARN_DIRECT_OBJC_ISA_USAGE = YES_ERROR;
				CLANG_WARN_DOCUMENTATION_COMMENTS = YES;
				CLANG_WARN_EMPTY_BODY = YES;
				CLANG_WARN_ENUM_CONVERSION = YES;
				CLANG_WARN_INFINITE_RECURSION = YES;
				CLANG_WARN_INT_CONVERSION = YES;
				CLANG_WARN_OBJC_ROOT_CLASS = YES_ERROR;
				CLANG_WARN_SUSPICIOUS_MOVE = YES;
				CLANG_WARN_UNREACHABLE_CODE = YES;
				CLANG_WARN__DUPLICATE_METHOD_MATCH = YES;
				CODE_SIGN_IDENTITY = "-";
				COPY_PHASE_STRIP = NO;
				DEBUG_INFORMATION_FORMAT = dwarf;
				ENABLE_STRICT_OBJC_MSGSEND = YES;
				ENABLE_TESTABILITY = YES;
				GCC_C_LANGUAGE_STANDARD = gnu99;
				GCC_DYNAMIC_NO_PIC = NO;
				GCC_NO_COMMON_BLOCKS = YES;
				GCC_OPTIMIZATION_LEVEL = 0;
				GCC_PREPROCESSOR_DEFINITIONS = (
					"DEBUG=1",
					"$(inherited)",
				);
				GCC_WARN_64_TO_32_BIT_CONVERSION = YES;
				GCC_WARN_ABOUT_RETURN_TYPE = YES_ERROR;
				GCC_WARN_UNDECLARED_SELECTOR = YES;
				GCC_WARN_UNINITIALIZED_AUTOS = YES_AGGRESSIVE;
				GCC_WARN_UNUSED_FUNCTION = YES;
				GCC_WARN_UNUSED_VARIABLE = YES;
				MACOSX_DEPLOYMENT_TARGET = 10.12;
				MTL_ENABLE_DEBUG_INFO = YES;
				ONLY_ACTIVE_ARCH = YES;
				SDKROOT = macosx;
				SWIFT_OPTIMIZATION_LEVEL = "-Onone";
			};
			name = Debug;
		};
		E527EAC61E730DA300930FAF /* Release */ = {
			isa = XCBuildConfiguration;
			buildSettings = {
				ALWAYS_SEARCH_USER_PATHS = NO;
				CLANG_ANALYZER_NONNULL = YES;
				CLANG_CXX_LANGUAGE_STANDARD = "gnu++0x";
				CLANG_CXX_LIBRARY = "libc++";
				CLANG_ENABLE_MODULES = YES;
				CLANG_ENABLE_OBJC_ARC = YES;
				CLANG_WARN_BOOL_CONVERSION = YES;
				CLANG_WARN_CONSTANT_CONVERSION = YES;
				CLANG_WARN_DIRECT_OBJC_ISA_USAGE = YES_ERROR;
				CLANG_WARN_DOCUMENTATION_COMMENTS = YES;
				CLANG_WARN_EMPTY_BODY = YES;
				CLANG_WARN_ENUM_CONVERSION = YES;
				CLANG_WARN_INFINITE_RECURSION = YES;
				CLANG_WARN_INT_CONVERSION = YES;
				CLANG_WARN_OBJC_ROOT_CLASS = YES_ERROR;
				CLANG_WARN_SUSPICIOUS_MOVE = YES;
				CLANG_WARN_UNREACHABLE_CODE = YES;
				CLANG_WARN__DUPLICATE_METHOD_MATCH = YES;
				CODE_SIGN_IDENTITY = "-";
				COPY_PHASE_STRIP = NO;
				DEBUG_INFORMATION_FORMAT = "dwarf-with-dsym";
				ENABLE_NS_ASSERTIONS = NO;
				ENABLE_STRICT_OBJC_MSGSEND = YES;
				GCC_C_LANGUAGE_STANDARD = gnu99;
				GCC_NO_COMMON_BLOCKS = YES;
				GCC_WARN_64_TO_32_BIT_CONVERSION = YES;
				GCC_WARN_ABOUT_RETURN_TYPE = YES_ERROR;
				GCC_WARN_UNDECLARED_SELECTOR = YES;
				GCC_WARN_UNINITIALIZED_AUTOS = YES_AGGRESSIVE;
				GCC_WARN_UNUSED_FUNCTION = YES;
				GCC_WARN_UNUSED_VARIABLE = YES;
				MACOSX_DEPLOYMENT_TARGET = 10.12;
				MTL_ENABLE_DEBUG_INFO = NO;
				SDKROOT = macosx;
				SWIFT_OPTIMIZATION_LEVEL = "-Owholemodule";
			};
			name = Release;
		};
		E527EAC81E730DA300930FAF /* Debug */ = {
			isa = XCBuildConfiguration;
			buildSettings = {
				DEVELOPMENT_TEAM = 7VT34YH6H5;
				PRODUCT_NAME = "$(TARGET_NAME)";
				SWIFT_VERSION = 3.1;
			};
			name = Debug;
		};
		E527EAC91E730DA300930FAF /* Release */ = {
			isa = XCBuildConfiguration;
			buildSettings = {
				DEVELOPMENT_TEAM = 7VT34YH6H5;
				PRODUCT_NAME = "$(TARGET_NAME)";
				SWIFT_VERSION = 3.1;
			};
			name = Release;
		};
/* End XCBuildConfiguration section */

/* Begin XCConfigurationList section */
		E527EABB1E730DA200930FAF /* Build configuration list for PBXProject "hackerRank" */ = {
			isa = XCConfigurationList;
			buildConfigurations = (
				E527EAC51E730DA300930FAF /* Debug */,
				E527EAC61E730DA300930FAF /* Release */,
			);
			defaultConfigurationIsVisible = 0;
			defaultConfigurationName = Release;
		};
		E527EAC71E730DA300930FAF /* Build configuration list for PBXNativeTarget "hackerRank" */ = {
			isa = XCConfigurationList;
			buildConfigurations = (
				E527EAC81E730DA300930FAF /* Debug */,
				E527EAC91E730DA300930FAF /* Release */,
			);
			defaultConfigurationIsVisible = 0;
			defaultConfigurationName = Release;
		};
/* End XCConfigurationList section */
	};
	rootObject = E527EAB81E730DA200930FAF /* Project object */;
}
